
Microsoft Visual Studio Solution File, Format Version 12.00
# Visual Studio Version 16
VisualStudioVersion = 16.0.31410.357
MinimumVisualStudioVersion = 10.0.40219.1
Project("{2150E333-8FDC-42A3-9474-1A3956D46DE8}") = "1 - Apis", "1 - Apis", "{6699F990-A0BB-49F2-A76B-ADED34A6DD95}"
EndProject
Project("{9A19103F-16F7-4668-BE54-9A1E7A4F7556}") = "Softplan.Api1", "1 - Apis\Softplan.Api1\Softplan.Api1.csproj", "{8939C7DF-5045-47A5-8BCC-FC0C957A24AE}"
EndProject
Project("{2150E333-8FDC-42A3-9474-1A3956D46DE8}") = "2 - Services", "2 - Services", "{0623DDDD-85D2-4468-AA79-53B84BB05F2D}"
EndProject
Project("{2150E333-8FDC-42A3-9474-1A3956D46DE8}") = "3 - Domain", "3 - Domain", "{4B31FAD4-BBC5-42EF-BDBE-7993CBDDFC40}"
EndProject
Project("{9A19103F-16F7-4668-BE54-9A1E7A4F7556}") = "Softplan.Domain", "3 - Domain\Softplan.Domain\Softplan.Domain.csproj", "{04428FD2-4CE9-4BAB-9DA8-2597C4A81C11}"
EndProject
Global
	GlobalSection(SolutionConfigurationPlatforms) = preSolution
		Debug|Any CPU = Debug|Any CPU
		Release|Any CPU = Release|Any CPU
	EndGlobalSection
	GlobalSection(ProjectConfigurationPlatforms) = postSolution
		{8939C7DF-5045-47A5-8BCC-FC0C957A24AE}.Debug|Any CPU.ActiveCfg = Debug|Any CPU
		{8939C7DF-5045-47A5-8BCC-FC0C957A24AE}.Debug|Any CPU.Build.0 = Debug|Any CPU
		{8939C7DF-5045-47A5-8BCC-FC0C957A24AE}.Release|Any CPU.ActiveCfg = Release|Any CPU
		{8939C7DF-5045-47A5-8BCC-FC0C957A24AE}.Release|Any CPU.Build.0 = Release|Any CPU
		{04428FD2-4CE9-4BAB-9DA8-2597C4A81C11}.Debug|Any CPU.ActiveCfg = Debug|Any CPU
		{04428FD2-4CE9-4BAB-9DA8-2597C4A81C11}.Debug|Any CPU.Build.0 = Debug|Any CPU
		{04428FD2-4CE9-4BAB-9DA8-2597C4A81C11}.Release|Any CPU.ActiveCfg = Release|Any CPU
		{04428FD2-4CE9-4BAB-9DA8-2597C4A81C11}.Release|Any CPU.Build.0 = Release|Any CPU
	EndGlobalSection
	GlobalSection(SolutionProperties) = preSolution
		HideSolutionNode = FALSE
	EndGlobalSection
	GlobalSection(NestedProjects) = preSolution
		{8939C7DF-5045-47A5-8BCC-FC0C957A24AE} = {6699F990-A0BB-49F2-A76B-ADED34A6DD95}
		{04428FD2-4CE9-4BAB-9DA8-2597C4A81C11} = {4B31FAD4-BBC5-42EF-BDBE-7993CBDDFC40}
	EndGlobalSection
	GlobalSection(ExtensibilityGlobals) = postSolution
		SolutionGuid = {5A61BA65-A67F-4829-AF03-01264B7CEA47}
	EndGlobalSection
EndGlobal
